// !$*UTF8*$!
{
	archiveVersion = 1;
	classes = {
	};
	objectVersion = 51;
	objects = {

/* Begin PBXBuildFile section */
		0D7698D201C0DF18B559C3B1 /* Pods_ShoppingCartTests.framework in Frameworks */ = {isa = PBXBuildFile; fileRef = 24A8E80464B73B9D8568F19C /* Pods_ShoppingCartTests.framework */; };
		105D20B4F8C9DC6A58CB1588 /* Pods_ShoppingCart.framework in Frameworks */ = {isa = PBXBuildFile; fileRef = 3DFB0DF6528D32E44951FD4B /* Pods_ShoppingCart.framework */; };
		1F5670ECF8028C8ABD095DAA /* Pods_ShoppingCart_ShoppingCartUITests.framework in Frameworks */ = {isa = PBXBuildFile; fileRef = B859F8800C509B24BBDAD43D /* Pods_ShoppingCart_ShoppingCartUITests.framework */; };
		5B0C536D2504907500D585BC /* BaseStyle.swift in Sources */ = {isa = PBXBuildFile; fileRef = 5B0C536C2504907500D585BC /* BaseStyle.swift */; };
		5B0C536F2504999000D585BC /* TestView.swift in Sources */ = {isa = PBXBuildFile; fileRef = 5B0C536E2504999000D585BC /* TestView.swift */; };
		5B19F6D024F2E2E700CE483D /* CustomCorner.swift in Sources */ = {isa = PBXBuildFile; fileRef = 5B19F6CF24F2E2E700CE483D /* CustomCorner.swift */; };
		5B19F6D324F3213100CE483D /* Localizable.strings in Resources */ = {isa = PBXBuildFile; fileRef = 5B19F6D524F3213100CE483D /* Localizable.strings */; };
		5B19F6D824F321DC00CE483D /* WebViewController.swift in Sources */ = {isa = PBXBuildFile; fileRef = 5B19F6D724F321DC00CE483D /* WebViewController.swift */; };
		5B19F6DA24F3222B00CE483D /* Window+Extension.swift in Sources */ = {isa = PBXBuildFile; fileRef = 5B19F6D924F3222B00CE483D /* Window+Extension.swift */; };
		5B19F6DC24F3223500CE483D /* String+Validation.swift in Sources */ = {isa = PBXBuildFile; fileRef = 5B19F6DB24F3223500CE483D /* String+Validation.swift */; };
		5B19F6DE24F3224F00CE483D /* View+Extension.swift in Sources */ = {isa = PBXBuildFile; fileRef = 5B19F6DD24F3224F00CE483D /* View+Extension.swift */; };
		5B19F6E324F3226F00CE483D /* DisplayPicture.swift in Sources */ = {isa = PBXBuildFile; fileRef = 5B19F6E024F3226F00CE483D /* DisplayPicture.swift */; };
		5B19F6E424F3226F00CE483D /* CloseButton.swift in Sources */ = {isa = PBXBuildFile; fileRef = 5B19F6E124F3226F00CE483D /* CloseButton.swift */; };
		5B19F6E524F3226F00CE483D /* ImagePicker.swift in Sources */ = {isa = PBXBuildFile; fileRef = 5B19F6E224F3226F00CE483D /* ImagePicker.swift */; };
		5B19F6E724F3287E00CE483D /* Profile.swift in Sources */ = {isa = PBXBuildFile; fileRef = 5B19F6E624F3287E00CE483D /* Profile.swift */; };
		5B19F6E924F32E8100CE483D /* Toast.swift in Sources */ = {isa = PBXBuildFile; fileRef = 5B19F6E824F32E8100CE483D /* Toast.swift */; };
		5B19F6EB24F32EF400CE483D /* FirebaseDataService.swift in Sources */ = {isa = PBXBuildFile; fileRef = 5B19F6EA24F32EF400CE483D /* FirebaseDataService.swift */; };
		5B1D72E924CCA22200429AD1 /* AppDelegate.swift in Sources */ = {isa = PBXBuildFile; fileRef = 5B1D72E824CCA22200429AD1 /* AppDelegate.swift */; };
		5B1D72EB24CCA22200429AD1 /* SceneDelegate.swift in Sources */ = {isa = PBXBuildFile; fileRef = 5B1D72EA24CCA22200429AD1 /* SceneDelegate.swift */; };
		5B1D72EF24CCA22500429AD1 /* Assets.xcassets in Resources */ = {isa = PBXBuildFile; fileRef = 5B1D72EE24CCA22500429AD1 /* Assets.xcassets */; };
		5B1D72F224CCA22500429AD1 /* Preview Assets.xcassets in Resources */ = {isa = PBXBuildFile; fileRef = 5B1D72F124CCA22500429AD1 /* Preview Assets.xcassets */; };
		5B1D72F524CCA22500429AD1 /* LaunchScreen.storyboard in Resources */ = {isa = PBXBuildFile; fileRef = 5B1D72F324CCA22500429AD1 /* LaunchScreen.storyboard */; };
		5B1D730024CCA22500429AD1 /* ShoppingCartTests.swift in Sources */ = {isa = PBXBuildFile; fileRef = 5B1D72FF24CCA22500429AD1 /* ShoppingCartTests.swift */; };
		5B1D730B24CCA22500429AD1 /* ShoppingCartUITests.swift in Sources */ = {isa = PBXBuildFile; fileRef = 5B1D730A24CCA22500429AD1 /* ShoppingCartUITests.swift */; };
		5B1D731A24CCA28300429AD1 /* Product.swift in Sources */ = {isa = PBXBuildFile; fileRef = 5B1D731924CCA28300429AD1 /* Product.swift */; };
		5B1D731E24CCA38900429AD1 /* Cart.swift in Sources */ = {isa = PBXBuildFile; fileRef = 5B1D731D24CCA38900429AD1 /* Cart.swift */; };
		5B1D732324CCA43000429AD1 /* ProductService.swift in Sources */ = {isa = PBXBuildFile; fileRef = 5B1D732224CCA43000429AD1 /* ProductService.swift */; };
		5B1D732624CCD42900429AD1 /* MockProductService.swift in Sources */ = {isa = PBXBuildFile; fileRef = 5B1D732524CCD42900429AD1 /* MockProductService.swift */; };
		5B1D732E24CCE90600429AD1 /* ProductCard.swift in Sources */ = {isa = PBXBuildFile; fileRef = 5B1D732D24CCE90600429AD1 /* ProductCard.swift */; };
		5B1D733024CCEA5B00429AD1 /* ProductListView.swift in Sources */ = {isa = PBXBuildFile; fileRef = 5B1D732F24CCEA5B00429AD1 /* ProductListView.swift */; };
		5B1D733224CCEA7100429AD1 /* ProductListViewModel.swift in Sources */ = {isa = PBXBuildFile; fileRef = 5B1D733124CCEA7100429AD1 /* ProductListViewModel.swift */; };
		5B1D733724CCED1300429AD1 /* ProductDetailView.swift in Sources */ = {isa = PBXBuildFile; fileRef = 5B1D733624CCED1300429AD1 /* ProductDetailView.swift */; };
		5B1D733924CCFD0E00429AD1 /* User.swift in Sources */ = {isa = PBXBuildFile; fileRef = 5B1D733824CCFD0E00429AD1 /* User.swift */; };
		5B1D733D24CCFDA900429AD1 /* SinginView.swift in Sources */ = {isa = PBXBuildFile; fileRef = 5B1D733C24CCFDA900429AD1 /* SinginView.swift */; };
		5B1D734024CCFDE900429AD1 /* Localizations.swift in Sources */ = {isa = PBXBuildFile; fileRef = 5B1D733F24CCFDE900429AD1 /* Localizations.swift */; };
		5B1D734424CCFEAD00429AD1 /* SignupView.swift in Sources */ = {isa = PBXBuildFile; fileRef = 5B1D734324CCFEAD00429AD1 /* SignupView.swift */; };
		5B1D734924CCFF7800429AD1 /* FirebaseSession.swift in Sources */ = {isa = PBXBuildFile; fileRef = 5B1D734824CCFF7800429AD1 /* FirebaseSession.swift */; };
		5B1D734B24CD1EFD00429AD1 /* RootView.swift in Sources */ = {isa = PBXBuildFile; fileRef = 5B1D734A24CD1EFD00429AD1 /* RootView.swift */; };
		5B1D735324CD402100429AD1 /* MockProducts.json in Resources */ = {isa = PBXBuildFile; fileRef = 5B1D735224CD402100429AD1 /* MockProducts.json */; };
		5B1D735624CFC9BC00429AD1 /* MockDatabaseReference.swift in Sources */ = {isa = PBXBuildFile; fileRef = 5B1D735524CFC9BC00429AD1 /* MockDatabaseReference.swift */; };
		5B1D735724CFD50300429AD1 /* MockProductService.swift in Sources */ = {isa = PBXBuildFile; fileRef = 5B1D732524CCD42900429AD1 /* MockProductService.swift */; };
		5B1D735924D0CA9700429AD1 /* ImageLoader.swift in Sources */ = {isa = PBXBuildFile; fileRef = 5B1D735824D0CA9700429AD1 /* ImageLoader.swift */; };
		5B1D735B24D0CAF000429AD1 /* AsyncImage.swift in Sources */ = {isa = PBXBuildFile; fileRef = 5B1D735A24D0CAF000429AD1 /* AsyncImage.swift */; };
		5B519D4624FADC4000E95386 /* ImageCache.swift in Sources */ = {isa = PBXBuildFile; fileRef = 5B519D4524FADC4000E95386 /* ImageCache.swift */; };
		5B519D4824FADCE900E95386 /* EnvironmentValues+ImageCache.swift in Sources */ = {isa = PBXBuildFile; fileRef = 5B519D4724FADCE900E95386 /* EnvironmentValues+ImageCache.swift */; };
		5B519D4B24FAFB3500E95386 /* CartView.swift in Sources */ = {isa = PBXBuildFile; fileRef = 5B519D4A24FAFB3500E95386 /* CartView.swift */; };
		5B519D4D24FAFB4700E95386 /* CartViewModel.swift in Sources */ = {isa = PBXBuildFile; fileRef = 5B519D4C24FAFB4700E95386 /* CartViewModel.swift */; };
		5B519D4F24FB038200E95386 /* CartItemsCard.swift in Sources */ = {isa = PBXBuildFile; fileRef = 5B519D4E24FB038200E95386 /* CartItemsCard.swift */; };
		5B98F2A8257F0E2B0084BF1A /* GoogleService-Info.plist in Resources */ = {isa = PBXBuildFile; fileRef = 5B98F2A7257F0E2B0084BF1A /* GoogleService-Info.plist */; };
/* End PBXBuildFile section */

/* Begin PBXContainerItemProxy section */
		5B1D72FC24CCA22500429AD1 /* PBXContainerItemProxy */ = {
			isa = PBXContainerItemProxy;
			containerPortal = 5B1D72DD24CCA22200429AD1 /* Project object */;
			proxyType = 1;
			remoteGlobalIDString = 5B1D72E424CCA22200429AD1;
			remoteInfo = ShoppingCart;
		};
		5B1D730724CCA22500429AD1 /* PBXContainerItemProxy */ = {
			isa = PBXContainerItemProxy;
			containerPortal = 5B1D72DD24CCA22200429AD1 /* Project object */;
			proxyType = 1;
			remoteGlobalIDString = 5B1D72E424CCA22200429AD1;
			remoteInfo = ShoppingCart;
		};
/* End PBXContainerItemProxy section */

/* Begin PBXFileReference section */
		24199CB29754E77276B5D467 /* Pods-ShoppingCart.release.xcconfig */ = {isa = PBXFileReference; includeInIndex = 1; lastKnownFileType = text.xcconfig; name = "Pods-ShoppingCart.release.xcconfig"; path = "Target Support Files/Pods-ShoppingCart/Pods-ShoppingCart.release.xcconfig"; sourceTree = "<group>"; };
		24A8E80464B73B9D8568F19C /* Pods_ShoppingCartTests.framework */ = {isa = PBXFileReference; explicitFileType = wrapper.framework; includeInIndex = 0; path = Pods_ShoppingCartTests.framework; sourceTree = BUILT_PRODUCTS_DIR; };
		3DFB0DF6528D32E44951FD4B /* Pods_ShoppingCart.framework */ = {isa = PBXFileReference; explicitFileType = wrapper.framework; includeInIndex = 0; path = Pods_ShoppingCart.framework; sourceTree = BUILT_PRODUCTS_DIR; };
		53F36C1B2A15625282A55BCD /* Pods-ShoppingCart-ShoppingCartUITests.debug.xcconfig */ = {isa = PBXFileReference; includeInIndex = 1; lastKnownFileType = text.xcconfig; name = "Pods-ShoppingCart-ShoppingCartUITests.debug.xcconfig"; path = "Target Support Files/Pods-ShoppingCart-ShoppingCartUITests/Pods-ShoppingCart-ShoppingCartUITests.debug.xcconfig"; sourceTree = "<group>"; };
		58E9031F395909244AF351D0 /* Pods-ShoppingCartTests.debug.xcconfig */ = {isa = PBXFileReference; includeInIndex = 1; lastKnownFileType = text.xcconfig; name = "Pods-ShoppingCartTests.debug.xcconfig"; path = "Target Support Files/Pods-ShoppingCartTests/Pods-ShoppingCartTests.debug.xcconfig"; sourceTree = "<group>"; };
		5B0C536C2504907500D585BC /* BaseStyle.swift */ = {isa = PBXFileReference; lastKnownFileType = sourcecode.swift; path = BaseStyle.swift; sourceTree = "<group>"; };
		5B0C536E2504999000D585BC /* TestView.swift */ = {isa = PBXFileReference; lastKnownFileType = sourcecode.swift; path = TestView.swift; sourceTree = "<group>"; };
		5B19F6CF24F2E2E700CE483D /* CustomCorner.swift */ = {isa = PBXFileReference; lastKnownFileType = sourcecode.swift; path = CustomCorner.swift; sourceTree = "<group>"; };
		5B19F6D424F3213100CE483D /* en */ = {isa = PBXFileReference; lastKnownFileType = text.plist.strings; name = en; path = en.lproj/Localizable.strings; sourceTree = "<group>"; };
		5B19F6D624F3215500CE483D /* ml */ = {isa = PBXFileReference; lastKnownFileType = text.plist.strings; name = ml; path = ml.lproj/Localizable.strings; sourceTree = "<group>"; };
		5B19F6D724F321DC00CE483D /* WebViewController.swift */ = {isa = PBXFileReference; fileEncoding = 4; lastKnownFileType = sourcecode.swift; path = WebViewController.swift; sourceTree = "<group>"; };
		5B19F6D924F3222B00CE483D /* Window+Extension.swift */ = {isa = PBXFileReference; fileEncoding = 4; lastKnownFileType = sourcecode.swift; path = "Window+Extension.swift"; sourceTree = "<group>"; };
		5B19F6DB24F3223500CE483D /* String+Validation.swift */ = {isa = PBXFileReference; fileEncoding = 4; lastKnownFileType = sourcecode.swift; path = "String+Validation.swift"; sourceTree = "<group>"; };
		5B19F6DD24F3224F00CE483D /* View+Extension.swift */ = {isa = PBXFileReference; fileEncoding = 4; lastKnownFileType = sourcecode.swift; name = "View+Extension.swift"; path = "../../../GiftHunteriOS/GiftHunteriOS/Utilities/View+Extension.swift"; sourceTree = "<group>"; };
		5B19F6E024F3226F00CE483D /* DisplayPicture.swift */ = {isa = PBXFileReference; fileEncoding = 4; lastKnownFileType = sourcecode.swift; path = DisplayPicture.swift; sourceTree = "<group>"; };
		5B19F6E124F3226F00CE483D /* CloseButton.swift */ = {isa = PBXFileReference; fileEncoding = 4; lastKnownFileType = sourcecode.swift; path = CloseButton.swift; sourceTree = "<group>"; };
		5B19F6E224F3226F00CE483D /* ImagePicker.swift */ = {isa = PBXFileReference; fileEncoding = 4; lastKnownFileType = sourcecode.swift; path = ImagePicker.swift; sourceTree = "<group>"; };
		5B19F6E624F3287E00CE483D /* Profile.swift */ = {isa = PBXFileReference; fileEncoding = 4; lastKnownFileType = sourcecode.swift; path = Profile.swift; sourceTree = "<group>"; };
		5B19F6E824F32E8100CE483D /* Toast.swift */ = {isa = PBXFileReference; fileEncoding = 4; lastKnownFileType = sourcecode.swift; path = Toast.swift; sourceTree = "<group>"; };
		5B19F6EA24F32EF400CE483D /* FirebaseDataService.swift */ = {isa = PBXFileReference; fileEncoding = 4; lastKnownFileType = sourcecode.swift; path = FirebaseDataService.swift; sourceTree = "<group>"; };
		5B1D72E524CCA22200429AD1 /* ShoppingCart.app */ = {isa = PBXFileReference; explicitFileType = wrapper.application; includeInIndex = 0; path = ShoppingCart.app; sourceTree = BUILT_PRODUCTS_DIR; };
		5B1D72E824CCA22200429AD1 /* AppDelegate.swift */ = {isa = PBXFileReference; lastKnownFileType = sourcecode.swift; path = AppDelegate.swift; sourceTree = "<group>"; };
		5B1D72EA24CCA22200429AD1 /* SceneDelegate.swift */ = {isa = PBXFileReference; lastKnownFileType = sourcecode.swift; path = SceneDelegate.swift; sourceTree = "<group>"; };
		5B1D72EE24CCA22500429AD1 /* Assets.xcassets */ = {isa = PBXFileReference; lastKnownFileType = folder.assetcatalog; path = Assets.xcassets; sourceTree = "<group>"; };
		5B1D72F124CCA22500429AD1 /* Preview Assets.xcassets */ = {isa = PBXFileReference; lastKnownFileType = folder.assetcatalog; path = "Preview Assets.xcassets"; sourceTree = "<group>"; };
		5B1D72F424CCA22500429AD1 /* Base */ = {isa = PBXFileReference; lastKnownFileType = file.storyboard; name = Base; path = Base.lproj/LaunchScreen.storyboard; sourceTree = "<group>"; };
		5B1D72F624CCA22500429AD1 /* Info.plist */ = {isa = PBXFileReference; lastKnownFileType = text.plist.xml; path = Info.plist; sourceTree = "<group>"; };
		5B1D72FB24CCA22500429AD1 /* ShoppingCartTests.xctest */ = {isa = PBXFileReference; explicitFileType = wrapper.cfbundle; includeInIndex = 0; path = ShoppingCartTests.xctest; sourceTree = BUILT_PRODUCTS_DIR; };
		5B1D72FF24CCA22500429AD1 /* ShoppingCartTests.swift */ = {isa = PBXFileReference; lastKnownFileType = sourcecode.swift; path = ShoppingCartTests.swift; sourceTree = "<group>"; };
		5B1D730124CCA22500429AD1 /* Info.plist */ = {isa = PBXFileReference; lastKnownFileType = text.plist.xml; path = Info.plist; sourceTree = "<group>"; };
		5B1D730624CCA22500429AD1 /* ShoppingCartUITests.xctest */ = {isa = PBXFileReference; explicitFileType = wrapper.cfbundle; includeInIndex = 0; path = ShoppingCartUITests.xctest; sourceTree = BUILT_PRODUCTS_DIR; };
		5B1D730A24CCA22500429AD1 /* ShoppingCartUITests.swift */ = {isa = PBXFileReference; lastKnownFileType = sourcecode.swift; path = ShoppingCartUITests.swift; sourceTree = "<group>"; };
		5B1D730C24CCA22500429AD1 /* Info.plist */ = {isa = PBXFileReference; lastKnownFileType = text.plist.xml; path = Info.plist; sourceTree = "<group>"; };
		5B1D731924CCA28300429AD1 /* Product.swift */ = {isa = PBXFileReference; lastKnownFileType = sourcecode.swift; path = Product.swift; sourceTree = "<group>"; };
		5B1D731D24CCA38900429AD1 /* Cart.swift */ = {isa = PBXFileReference; lastKnownFileType = sourcecode.swift; path = Cart.swift; sourceTree = "<group>"; };
		5B1D732224CCA43000429AD1 /* ProductService.swift */ = {isa = PBXFileReference; lastKnownFileType = sourcecode.swift; path = ProductService.swift; sourceTree = "<group>"; };
		5B1D732524CCD42900429AD1 /* MockProductService.swift */ = {isa = PBXFileReference; lastKnownFileType = sourcecode.swift; path = MockProductService.swift; sourceTree = "<group>"; };
		5B1D732D24CCE90600429AD1 /* ProductCard.swift */ = {isa = PBXFileReference; lastKnownFileType = sourcecode.swift; path = ProductCard.swift; sourceTree = "<group>"; };
		5B1D732F24CCEA5B00429AD1 /* ProductListView.swift */ = {isa = PBXFileReference; lastKnownFileType = sourcecode.swift; path = ProductListView.swift; sourceTree = "<group>"; };
		5B1D733124CCEA7100429AD1 /* ProductListViewModel.swift */ = {isa = PBXFileReference; lastKnownFileType = sourcecode.swift; path = ProductListViewModel.swift; sourceTree = "<group>"; };
		5B1D733624CCED1300429AD1 /* ProductDetailView.swift */ = {isa = PBXFileReference; lastKnownFileType = sourcecode.swift; path = ProductDetailView.swift; sourceTree = "<group>"; };
		5B1D733824CCFD0E00429AD1 /* User.swift */ = {isa = PBXFileReference; lastKnownFileType = sourcecode.swift; path = User.swift; sourceTree = "<group>"; };
		5B1D733C24CCFDA900429AD1 /* SinginView.swift */ = {isa = PBXFileReference; lastKnownFileType = sourcecode.swift; path = SinginView.swift; sourceTree = "<group>"; };
		5B1D733F24CCFDE900429AD1 /* Localizations.swift */ = {isa = PBXFileReference; lastKnownFileType = sourcecode.swift; path = Localizations.swift; sourceTree = "<group>"; };
		5B1D734324CCFEAD00429AD1 /* SignupView.swift */ = {isa = PBXFileReference; lastKnownFileType = sourcecode.swift; path = SignupView.swift; sourceTree = "<group>"; };
		5B1D734824CCFF7800429AD1 /* FirebaseSession.swift */ = {isa = PBXFileReference; lastKnownFileType = sourcecode.swift; path = FirebaseSession.swift; sourceTree = "<group>"; };
		5B1D734A24CD1EFD00429AD1 /* RootView.swift */ = {isa = PBXFileReference; lastKnownFileType = sourcecode.swift; path = RootView.swift; sourceTree = "<group>"; };
		5B1D735224CD402100429AD1 /* MockProducts.json */ = {isa = PBXFileReference; lastKnownFileType = text.json; path = MockProducts.json; sourceTree = "<group>"; };
		5B1D735524CFC9BC00429AD1 /* MockDatabaseReference.swift */ = {isa = PBXFileReference; lastKnownFileType = sourcecode.swift; path = MockDatabaseReference.swift; sourceTree = "<group>"; };
		5B1D735824D0CA9700429AD1 /* ImageLoader.swift */ = {isa = PBXFileReference; lastKnownFileType = sourcecode.swift; path = ImageLoader.swift; sourceTree = "<group>"; };
		5B1D735A24D0CAF000429AD1 /* AsyncImage.swift */ = {isa = PBXFileReference; lastKnownFileType = sourcecode.swift; path = AsyncImage.swift; sourceTree = "<group>"; };
		5B519D4524FADC4000E95386 /* ImageCache.swift */ = {isa = PBXFileReference; lastKnownFileType = sourcecode.swift; path = ImageCache.swift; sourceTree = "<group>"; };
		5B519D4724FADCE900E95386 /* EnvironmentValues+ImageCache.swift */ = {isa = PBXFileReference; lastKnownFileType = sourcecode.swift; path = "EnvironmentValues+ImageCache.swift"; sourceTree = "<group>"; };
		5B519D4A24FAFB3500E95386 /* CartView.swift */ = {isa = PBXFileReference; lastKnownFileType = sourcecode.swift; path = CartView.swift; sourceTree = "<group>"; };
		5B519D4C24FAFB4700E95386 /* CartViewModel.swift */ = {isa = PBXFileReference; lastKnownFileType = sourcecode.swift; path = CartViewModel.swift; sourceTree = "<group>"; };
		5B519D4E24FB038200E95386 /* CartItemsCard.swift */ = {isa = PBXFileReference; lastKnownFileType = sourcecode.swift; path = CartItemsCard.swift; sourceTree = "<group>"; };
		5B98F2A7257F0E2B0084BF1A /* GoogleService-Info.plist */ = {isa = PBXFileReference; fileEncoding = 4; lastKnownFileType = text.plist.xml; path = "GoogleService-Info.plist"; sourceTree = "<group>"; };
		6F22DD4F745F2CA2CC4CAB71 /* Pods-ShoppingCartTests.release.xcconfig */ = {isa = PBXFileReference; includeInIndex = 1; lastKnownFileType = text.xcconfig; name = "Pods-ShoppingCartTests.release.xcconfig"; path = "Target Support Files/Pods-ShoppingCartTests/Pods-ShoppingCartTests.release.xcconfig"; sourceTree = "<group>"; };
		A50AA57B72BBF34470DEBC4F /* Pods-ShoppingCart-ShoppingCartUITests.release.xcconfig */ = {isa = PBXFileReference; includeInIndex = 1; lastKnownFileType = text.xcconfig; name = "Pods-ShoppingCart-ShoppingCartUITests.release.xcconfig"; path = "Target Support Files/Pods-ShoppingCart-ShoppingCartUITests/Pods-ShoppingCart-ShoppingCartUITests.release.xcconfig"; sourceTree = "<group>"; };
		A86E87918E431A04420B7F80 /* Pods-ShoppingCart.debug.xcconfig */ = {isa = PBXFileReference; includeInIndex = 1; lastKnownFileType = text.xcconfig; name = "Pods-ShoppingCart.debug.xcconfig"; path = "Target Support Files/Pods-ShoppingCart/Pods-ShoppingCart.debug.xcconfig"; sourceTree = "<group>"; };
		B859F8800C509B24BBDAD43D /* Pods_ShoppingCart_ShoppingCartUITests.framework */ = {isa = PBXFileReference; explicitFileType = wrapper.framework; includeInIndex = 0; path = Pods_ShoppingCart_ShoppingCartUITests.framework; sourceTree = BUILT_PRODUCTS_DIR; };
/* End PBXFileReference section */

/* Begin PBXFrameworksBuildPhase section */
		5B1D72E224CCA22200429AD1 /* Frameworks */ = {
			isa = PBXFrameworksBuildPhase;
			buildActionMask = 2147483647;
			files = (
				105D20B4F8C9DC6A58CB1588 /* Pods_ShoppingCart.framework in Frameworks */,
			);
			runOnlyForDeploymentPostprocessing = 0;
		};
		5B1D72F824CCA22500429AD1 /* Frameworks */ = {
			isa = PBXFrameworksBuildPhase;
			buildActionMask = 2147483647;
			files = (
				0D7698D201C0DF18B559C3B1 /* Pods_ShoppingCartTests.framework in Frameworks */,
			);
			runOnlyForDeploymentPostprocessing = 0;
		};
		5B1D730324CCA22500429AD1 /* Frameworks */ = {
			isa = PBXFrameworksBuildPhase;
			buildActionMask = 2147483647;
			files = (
				1F5670ECF8028C8ABD095DAA /* Pods_ShoppingCart_ShoppingCartUITests.framework in Frameworks */,
			);
			runOnlyForDeploymentPostprocessing = 0;
		};
/* End PBXFrameworksBuildPhase section */

/* Begin PBXGroup section */
		2A32736687EAF4E67945B338 /* Pods */ = {
			isa = PBXGroup;
			children = (
				A86E87918E431A04420B7F80 /* Pods-ShoppingCart.debug.xcconfig */,
				24199CB29754E77276B5D467 /* Pods-ShoppingCart.release.xcconfig */,
				53F36C1B2A15625282A55BCD /* Pods-ShoppingCart-ShoppingCartUITests.debug.xcconfig */,
				A50AA57B72BBF34470DEBC4F /* Pods-ShoppingCart-ShoppingCartUITests.release.xcconfig */,
				58E9031F395909244AF351D0 /* Pods-ShoppingCartTests.debug.xcconfig */,
				6F22DD4F745F2CA2CC4CAB71 /* Pods-ShoppingCartTests.release.xcconfig */,
			);
			path = Pods;
			sourceTree = "<group>";
		};
		5B19F6DF24F3226F00CE483D /* Library */ = {
			isa = PBXGroup;
			children = (
				5B19F6E024F3226F00CE483D /* DisplayPicture.swift */,
				5B19F6E824F32E8100CE483D /* Toast.swift */,
				5B19F6E124F3226F00CE483D /* CloseButton.swift */,
				5B19F6CF24F2E2E700CE483D /* CustomCorner.swift */,
				5B19F6E224F3226F00CE483D /* ImagePicker.swift */,
				5B19F6D724F321DC00CE483D /* WebViewController.swift */,
				5B0C536C2504907500D585BC /* BaseStyle.swift */,
			);
			path = Library;
			sourceTree = "<group>";
		};
		5B1D72DC24CCA22200429AD1 = {
			isa = PBXGroup;
			children = (
				5B1D72E724CCA22200429AD1 /* ShoppingCart */,
				5B1D72FE24CCA22500429AD1 /* ShoppingCartTests */,
				5B1D730924CCA22500429AD1 /* ShoppingCartUITests */,
				5B1D72E624CCA22200429AD1 /* Products */,
				2A32736687EAF4E67945B338 /* Pods */,
				89B9CCC3F8C664337EAAA64D /* Frameworks */,
			);
			sourceTree = "<group>";
		};
		5B1D72E624CCA22200429AD1 /* Products */ = {
			isa = PBXGroup;
			children = (
				5B1D72E524CCA22200429AD1 /* ShoppingCart.app */,
				5B1D72FB24CCA22500429AD1 /* ShoppingCartTests.xctest */,
				5B1D730624CCA22500429AD1 /* ShoppingCartUITests.xctest */,
			);
			name = Products;
			sourceTree = "<group>";
		};
		5B1D72E724CCA22200429AD1 /* ShoppingCart */ = {
			isa = PBXGroup;
			children = (
				5B19F6DF24F3226F00CE483D /* Library */,
				5B1D734724CCFF6000429AD1 /* Session */,
				5B1D733E24CCFDD500429AD1 /* Extensions */,
				5B1D732B24CCE4E500429AD1 /* Modules */,
				5B1D732424CCD41600429AD1 /* Mock */,
				5B1D731F24CCA40200429AD1 /* Services */,
				5B1D731824CCA23500429AD1 /* Entities */,
				5B1D72E824CCA22200429AD1 /* AppDelegate.swift */,
				5B1D734A24CD1EFD00429AD1 /* RootView.swift */,
				5B1D72EA24CCA22200429AD1 /* SceneDelegate.swift */,
				5B19F6D524F3213100CE483D /* Localizable.strings */,
				5B98F2A7257F0E2B0084BF1A /* GoogleService-Info.plist */,
				5B1D72EE24CCA22500429AD1 /* Assets.xcassets */,
				5B1D72F324CCA22500429AD1 /* LaunchScreen.storyboard */,
				5B1D72F624CCA22500429AD1 /* Info.plist */,
				5B1D72F024CCA22500429AD1 /* Preview Content */,
			);
			path = ShoppingCart;
			sourceTree = "<group>";
		};
		5B1D72F024CCA22500429AD1 /* Preview Content */ = {
			isa = PBXGroup;
			children = (
				5B1D72F124CCA22500429AD1 /* Preview Assets.xcassets */,
			);
			path = "Preview Content";
			sourceTree = "<group>";
		};
		5B1D72FE24CCA22500429AD1 /* ShoppingCartTests */ = {
			isa = PBXGroup;
			children = (
				5B1D72FF24CCA22500429AD1 /* ShoppingCartTests.swift */,
				5B1D730124CCA22500429AD1 /* Info.plist */,
			);
			path = ShoppingCartTests;
			sourceTree = "<group>";
		};
		5B1D730924CCA22500429AD1 /* ShoppingCartUITests */ = {
			isa = PBXGroup;
			children = (
				5B1D730A24CCA22500429AD1 /* ShoppingCartUITests.swift */,
				5B1D730C24CCA22500429AD1 /* Info.plist */,
			);
			path = ShoppingCartUITests;
			sourceTree = "<group>";
		};
		5B1D731824CCA23500429AD1 /* Entities */ = {
			isa = PBXGroup;
			children = (
				5B1D731924CCA28300429AD1 /* Product.swift */,
				5B19F6E624F3287E00CE483D /* Profile.swift */,
				5B1D731D24CCA38900429AD1 /* Cart.swift */,
				5B1D733824CCFD0E00429AD1 /* User.swift */,
			);
			path = Entities;
			sourceTree = "<group>";
		};
		5B1D731F24CCA40200429AD1 /* Services */ = {
			isa = PBXGroup;
			children = (
				5B1D732224CCA43000429AD1 /* ProductService.swift */,
				5B1D735824D0CA9700429AD1 /* ImageLoader.swift */,
				5B1D735A24D0CAF000429AD1 /* AsyncImage.swift */,
				5B519D4524FADC4000E95386 /* ImageCache.swift */,
				5B519D4724FADCE900E95386 /* EnvironmentValues+ImageCache.swift */,
			);
			path = Services;
			sourceTree = "<group>";
		};
		5B1D732424CCD41600429AD1 /* Mock */ = {
			isa = PBXGroup;
			children = (
				5B1D732524CCD42900429AD1 /* MockProductService.swift */,
				5B1D735224CD402100429AD1 /* MockProducts.json */,
				5B1D735524CFC9BC00429AD1 /* MockDatabaseReference.swift */,
			);
			path = Mock;
			sourceTree = "<group>";
		};
		5B1D732B24CCE4E500429AD1 /* Modules */ = {
			isa = PBXGroup;
			children = (
				5B519D4924FAFB1B00E95386 /* Cart */,
				5B1D733B24CCFD8C00429AD1 /* Signup */,
				5B1D733A24CCFD8600429AD1 /* Signin */,
				5B1D732C24CCE4EB00429AD1 /* ProductList */,
			);
			path = Modules;
			sourceTree = "<group>";
		};
		5B1D732C24CCE4EB00429AD1 /* ProductList */ = {
			isa = PBXGroup;
			children = (
				5B1D733624CCED1300429AD1 /* ProductDetailView.swift */,
				5B1D732D24CCE90600429AD1 /* ProductCard.swift */,
				5B1D732F24CCEA5B00429AD1 /* ProductListView.swift */,
				5B0C536E2504999000D585BC /* TestView.swift */,
				5B1D733124CCEA7100429AD1 /* ProductListViewModel.swift */,
			);
			path = ProductList;
			sourceTree = "<group>";
		};
		5B1D733A24CCFD8600429AD1 /* Signin */ = {
			isa = PBXGroup;
			children = (
				5B1D733C24CCFDA900429AD1 /* SinginView.swift */,
			);
			path = Signin;
			sourceTree = "<group>";
		};
		5B1D733B24CCFD8C00429AD1 /* Signup */ = {
			isa = PBXGroup;
			children = (
				5B1D734324CCFEAD00429AD1 /* SignupView.swift */,
			);
			path = Signup;
			sourceTree = "<group>";
		};
		5B1D733E24CCFDD500429AD1 /* Extensions */ = {
			isa = PBXGroup;
			children = (
				5B1D733F24CCFDE900429AD1 /* Localizations.swift */,
				5B19F6D924F3222B00CE483D /* Window+Extension.swift */,
				5B19F6DD24F3224F00CE483D /* View+Extension.swift */,
				5B19F6DB24F3223500CE483D /* String+Validation.swift */,
			);
			path = Extensions;
			sourceTree = "<group>";
		};
		5B1D734724CCFF6000429AD1 /* Session */ = {
			isa = PBXGroup;
			children = (
				5B19F6EA24F32EF400CE483D /* FirebaseDataService.swift */,
				5B1D734824CCFF7800429AD1 /* FirebaseSession.swift */,
			);
			path = Session;
			sourceTree = "<group>";
		};
		5B519D4924FAFB1B00E95386 /* Cart */ = {
			isa = PBXGroup;
			children = (
				5B519D4A24FAFB3500E95386 /* CartView.swift */,
				5B519D4C24FAFB4700E95386 /* CartViewModel.swift */,
				5B519D4E24FB038200E95386 /* CartItemsCard.swift */,
			);
			path = Cart;
			sourceTree = "<group>";
		};
		89B9CCC3F8C664337EAAA64D /* Frameworks */ = {
			isa = PBXGroup;
			children = (
				3DFB0DF6528D32E44951FD4B /* Pods_ShoppingCart.framework */,
				B859F8800C509B24BBDAD43D /* Pods_ShoppingCart_ShoppingCartUITests.framework */,
				24A8E80464B73B9D8568F19C /* Pods_ShoppingCartTests.framework */,
			);
			name = Frameworks;
			sourceTree = "<group>";
		};
/* End PBXGroup section */

/* Begin PBXNativeTarget section */
		5B1D72E424CCA22200429AD1 /* ShoppingCart */ = {
			isa = PBXNativeTarget;
			buildConfigurationList = 5B1D730F24CCA22500429AD1 /* Build configuration list for PBXNativeTarget "ShoppingCart" */;
			buildPhases = (
				9C23969D1CD7AB320F92A89C /* [CP] Check Pods Manifest.lock */,
				5B1D72E124CCA22200429AD1 /* Sources */,
				5B1D72E224CCA22200429AD1 /* Frameworks */,
				5B1D72E324CCA22200429AD1 /* Resources */,
				C86F7A5B5851765D8CEF2736 /* [CP] Embed Pods Frameworks */,
				5B1D735424CFC4E000429AD1 /* ShellScript */,
			);
			buildRules = (
			);
			dependencies = (
			);
			name = ShoppingCart;
			productName = ShoppingCart;
			productReference = 5B1D72E524CCA22200429AD1 /* ShoppingCart.app */;
			productType = "com.apple.product-type.application";
		};
		5B1D72FA24CCA22500429AD1 /* ShoppingCartTests */ = {
			isa = PBXNativeTarget;
			buildConfigurationList = 5B1D731224CCA22500429AD1 /* Build configuration list for PBXNativeTarget "ShoppingCartTests" */;
			buildPhases = (
				B7E97F5ADE78DC89925537E5 /* [CP] Check Pods Manifest.lock */,
				5B1D72F724CCA22500429AD1 /* Sources */,
				5B1D72F824CCA22500429AD1 /* Frameworks */,
				5B1D72F924CCA22500429AD1 /* Resources */,
			);
			buildRules = (
			);
			dependencies = (
				5B1D72FD24CCA22500429AD1 /* PBXTargetDependency */,
			);
			name = ShoppingCartTests;
			productName = ShoppingCartTests;
			productReference = 5B1D72FB24CCA22500429AD1 /* ShoppingCartTests.xctest */;
			productType = "com.apple.product-type.bundle.unit-test";
		};
		5B1D730524CCA22500429AD1 /* ShoppingCartUITests */ = {
			isa = PBXNativeTarget;
			buildConfigurationList = 5B1D731524CCA22500429AD1 /* Build configuration list for PBXNativeTarget "ShoppingCartUITests" */;
			buildPhases = (
				4D2DD5FA41E606055FC01190 /* [CP] Check Pods Manifest.lock */,
				5B1D730224CCA22500429AD1 /* Sources */,
				5B1D730324CCA22500429AD1 /* Frameworks */,
				5B1D730424CCA22500429AD1 /* Resources */,
				0349EA3AE7CBFB44228B5BD9 /* [CP] Embed Pods Frameworks */,
			);
			buildRules = (
			);
			dependencies = (
				5B1D730824CCA22500429AD1 /* PBXTargetDependency */,
			);
			name = ShoppingCartUITests;
			productName = ShoppingCartUITests;
			productReference = 5B1D730624CCA22500429AD1 /* ShoppingCartUITests.xctest */;
			productType = "com.apple.product-type.bundle.ui-testing";
		};
/* End PBXNativeTarget section */

/* Begin PBXProject section */
		5B1D72DD24CCA22200429AD1 /* Project object */ = {
			isa = PBXProject;
			attributes = {
				LastSwiftUpdateCheck = 1160;
				LastUpgradeCheck = 1160;
				ORGANIZATIONNAME = "pixycoders private limited";
				TargetAttributes = {
					5B1D72E424CCA22200429AD1 = {
						CreatedOnToolsVersion = 11.6;
					};
					5B1D72FA24CCA22500429AD1 = {
						CreatedOnToolsVersion = 11.6;
						TestTargetID = 5B1D72E424CCA22200429AD1;
					};
					5B1D730524CCA22500429AD1 = {
						CreatedOnToolsVersion = 11.6;
						TestTargetID = 5B1D72E424CCA22200429AD1;
					};
				};
			};
			buildConfigurationList = 5B1D72E024CCA22200429AD1 /* Build configuration list for PBXProject "ShoppingCart" */;
			compatibilityVersion = "Xcode 9.3";
			developmentRegion = en;
			hasScannedForEncodings = 0;
			knownRegions = (
				en,
				Base,
				ml,
			);
			mainGroup = 5B1D72DC24CCA22200429AD1;
			productRefGroup = 5B1D72E624CCA22200429AD1 /* Products */;
			projectDirPath = "";
			projectRoot = "";
			targets = (
				5B1D72E424CCA22200429AD1 /* ShoppingCart */,
				5B1D72FA24CCA22500429AD1 /* ShoppingCartTests */,
				5B1D730524CCA22500429AD1 /* ShoppingCartUITests */,
			);
		};
/* End PBXProject section */

/* Begin PBXResourcesBuildPhase section */
		5B1D72E324CCA22200429AD1 /* Resources */ = {
			isa = PBXResourcesBuildPhase;
			buildActionMask = 2147483647;
			files = (
				5B1D735324CD402100429AD1 /* MockProducts.json in Resources */,
				5B19F6D324F3213100CE483D /* Localizable.strings in Resources */,
				5B1D72F524CCA22500429AD1 /* LaunchScreen.storyboard in Resources */,
				5B1D72F224CCA22500429AD1 /* Preview Assets.xcassets in Resources */,
				5B1D72EF24CCA22500429AD1 /* Assets.xcassets in Resources */,
				5B98F2A8257F0E2B0084BF1A /* GoogleService-Info.plist in Resources */,
			);
			runOnlyForDeploymentPostprocessing = 0;
		};
		5B1D72F924CCA22500429AD1 /* Resources */ = {
			isa = PBXResourcesBuildPhase;
			buildActionMask = 2147483647;
			files = (
			);
			runOnlyForDeploymentPostprocessing = 0;
		};
		5B1D730424CCA22500429AD1 /* Resources */ = {
			isa = PBXResourcesBuildPhase;
			buildActionMask = 2147483647;
			files = (
			);
			runOnlyForDeploymentPostprocessing = 0;
		};
/* End PBXResourcesBuildPhase section */

/* Begin PBXShellScriptBuildPhase section */
		0349EA3AE7CBFB44228B5BD9 /* [CP] Embed Pods Frameworks */ = {
			isa = PBXShellScriptBuildPhase;
			buildActionMask = 2147483647;
			files = (
			);
			inputFileListPaths = (
				"${PODS_ROOT}/Target Support Files/Pods-ShoppingCart-ShoppingCartUITests/Pods-ShoppingCart-ShoppingCartUITests-frameworks-${CONFIGURATION}-input-files.xcfilelist",
			);
			name = "[CP] Embed Pods Frameworks";
			outputFileListPaths = (
				"${PODS_ROOT}/Target Support Files/Pods-ShoppingCart-ShoppingCartUITests/Pods-ShoppingCart-ShoppingCartUITests-frameworks-${CONFIGURATION}-output-files.xcfilelist",
			);
			runOnlyForDeploymentPostprocessing = 0;
			shellPath = /bin/sh;
			shellScript = "\"${PODS_ROOT}/Target Support Files/Pods-ShoppingCart-ShoppingCartUITests/Pods-ShoppingCart-ShoppingCartUITests-frameworks.sh\"\n";
			showEnvVarsInLog = 0;
		};
		4D2DD5FA41E606055FC01190 /* [CP] Check Pods Manifest.lock */ = {
			isa = PBXShellScriptBuildPhase;
			buildActionMask = 2147483647;
			files = (
			);
			inputFileListPaths = (
			);
			inputPaths = (
				"${PODS_PODFILE_DIR_PATH}/Podfile.lock",
				"${PODS_ROOT}/Manifest.lock",
			);
			name = "[CP] Check Pods Manifest.lock";
			outputFileListPaths = (
			);
			outputPaths = (
				"$(DERIVED_FILE_DIR)/Pods-ShoppingCart-ShoppingCartUITests-checkManifestLockResult.txt",
			);
			runOnlyForDeploymentPostprocessing = 0;
			shellPath = /bin/sh;
			shellScript = "diff \"${PODS_PODFILE_DIR_PATH}/Podfile.lock\" \"${PODS_ROOT}/Manifest.lock\" > /dev/null\nif [ $? != 0 ] ; then\n    # print error to STDERR\n    echo \"error: The sandbox is not in sync with the Podfile.lock. Run 'pod install' or update your CocoaPods installation.\" >&2\n    exit 1\nfi\n# This output is used by Xcode 'outputs' to avoid re-running this script phase.\necho \"SUCCESS\" > \"${SCRIPT_OUTPUT_FILE_0}\"\n";
			showEnvVarsInLog = 0;
		};
		5B1D735424CFC4E000429AD1 /* ShellScript */ = {
			isa = PBXShellScriptBuildPhase;
			buildActionMask = 2147483647;
			files = (
			);
			inputFileListPaths = (
			);
			inputPaths = (
				"${DWARF_DSYM_FOLDER_PATH}/${DWARF_DSYM_FILE_NAME}/Contents/Resources/DWARF/${TARGET_NAME}",
				"$(SRCROOT)/$(BUILT_PRODUCTS_DIR)/$(INFOPLIST_PATH)",
			);
			outputFileListPaths = (
			);
			outputPaths = (
			);
			runOnlyForDeploymentPostprocessing = 0;
			shellPath = /bin/sh;
			shellScript = "\"${PODS_ROOT}/FirebaseCrashlytics/run\"\n";
		};
		9C23969D1CD7AB320F92A89C /* [CP] Check Pods Manifest.lock */ = {
			isa = PBXShellScriptBuildPhase;
			buildActionMask = 2147483647;
			files = (
			);
			inputFileListPaths = (
			);
			inputPaths = (
				"${PODS_PODFILE_DIR_PATH}/Podfile.lock",
				"${PODS_ROOT}/Manifest.lock",
			);
			name = "[CP] Check Pods Manifest.lock";
			outputFileListPaths = (
			);
			outputPaths = (
				"$(DERIVED_FILE_DIR)/Pods-ShoppingCart-checkManifestLockResult.txt",
			);
			runOnlyForDeploymentPostprocessing = 0;
			shellPath = /bin/sh;
			shellScript = "diff \"${PODS_PODFILE_DIR_PATH}/Podfile.lock\" \"${PODS_ROOT}/Manifest.lock\" > /dev/null\nif [ $? != 0 ] ; then\n    # print error to STDERR\n    echo \"error: The sandbox is not in sync with the Podfile.lock. Run 'pod install' or update your CocoaPods installation.\" >&2\n    exit 1\nfi\n# This output is used by Xcode 'outputs' to avoid re-running this script phase.\necho \"SUCCESS\" > \"${SCRIPT_OUTPUT_FILE_0}\"\n";
			showEnvVarsInLog = 0;
		};
		B7E97F5ADE78DC89925537E5 /* [CP] Check Pods Manifest.lock */ = {
			isa = PBXShellScriptBuildPhase;
			buildActionMask = 2147483647;
			files = (
			);
			inputFileListPaths = (
			);
			inputPaths = (
				"${PODS_PODFILE_DIR_PATH}/Podfile.lock",
				"${PODS_ROOT}/Manifest.lock",
			);
			name = "[CP] Check Pods Manifest.lock";
			outputFileListPaths = (
			);
			outputPaths = (
				"$(DERIVED_FILE_DIR)/Pods-ShoppingCartTests-checkManifestLockResult.txt",
			);
			runOnlyForDeploymentPostprocessing = 0;
			shellPath = /bin/sh;
			shellScript = "diff \"${PODS_PODFILE_DIR_PATH}/Podfile.lock\" \"${PODS_ROOT}/Manifest.lock\" > /dev/null\nif [ $? != 0 ] ; then\n    # print error to STDERR\n    echo \"error: The sandbox is not in sync with the Podfile.lock. Run 'pod install' or update your CocoaPods installation.\" >&2\n    exit 1\nfi\n# This output is used by Xcode 'outputs' to avoid re-running this script phase.\necho \"SUCCESS\" > \"${SCRIPT_OUTPUT_FILE_0}\"\n";
			showEnvVarsInLog = 0;
		};
		C86F7A5B5851765D8CEF2736 /* [CP] Embed Pods Frameworks */ = {
			isa = PBXShellScriptBuildPhase;
			buildActionMask = 2147483647;
			files = (
			);
			inputFileListPaths = (
				"${PODS_ROOT}/Target Support Files/Pods-ShoppingCart/Pods-ShoppingCart-frameworks-${CONFIGURATION}-input-files.xcfilelist",
			);
			name = "[CP] Embed Pods Frameworks";
			outputFileListPaths = (
				"${PODS_ROOT}/Target Support Files/Pods-ShoppingCart/Pods-ShoppingCart-frameworks-${CONFIGURATION}-output-files.xcfilelist",
			);
			runOnlyForDeploymentPostprocessing = 0;
			shellPath = /bin/sh;
			shellScript = "\"${PODS_ROOT}/Target Support Files/Pods-ShoppingCart/Pods-ShoppingCart-frameworks.sh\"\n";
			showEnvVarsInLog = 0;
		};
/* End PBXShellScriptBuildPhase section */

/* Begin PBXSourcesBuildPhase section */
		5B1D72E124CCA22200429AD1 /* Sources */ = {
			isa = PBXSourcesBuildPhase;
			buildActionMask = 2147483647;
			files = (
				5B19F6DA24F3222B00CE483D /* Window+Extension.swift in Sources */,
				5B0C536F2504999000D585BC /* TestView.swift in Sources */,
				5B1D733924CCFD0E00429AD1 /* User.swift in Sources */,
				5B19F6D824F321DC00CE483D /* WebViewController.swift in Sources */,
				5B19F6E424F3226F00CE483D /* CloseButton.swift in Sources */,
				5B19F6D024F2E2E700CE483D /* CustomCorner.swift in Sources */,
				5B1D733024CCEA5B00429AD1 /* ProductListView.swift in Sources */,
				5B0C536D2504907500D585BC /* BaseStyle.swift in Sources */,
				5B519D4D24FAFB4700E95386 /* CartViewModel.swift in Sources */,
				5B519D4B24FAFB3500E95386 /* CartView.swift in Sources */,
				5B19F6E324F3226F00CE483D /* DisplayPicture.swift in Sources */,
				5B1D735924D0CA9700429AD1 /* ImageLoader.swift in Sources */,
				5B1D734B24CD1EFD00429AD1 /* RootView.swift in Sources */,
				5B19F6DE24F3224F00CE483D /* View+Extension.swift in Sources */,
				5B1D735624CFC9BC00429AD1 /* MockDatabaseReference.swift in Sources */,
				5B1D72E924CCA22200429AD1 /* AppDelegate.swift in Sources */,
				5B1D735B24D0CAF000429AD1 /* AsyncImage.swift in Sources */,
				5B519D4F24FB038200E95386 /* CartItemsCard.swift in Sources */,
				5B1D733224CCEA7100429AD1 /* ProductListViewModel.swift in Sources */,
				5B1D734424CCFEAD00429AD1 /* SignupView.swift in Sources */,
				5B1D731E24CCA38900429AD1 /* Cart.swift in Sources */,
				5B19F6E524F3226F00CE483D /* ImagePicker.swift in Sources */,
				5B19F6E724F3287E00CE483D /* Profile.swift in Sources */,
				5B1D734024CCFDE900429AD1 /* Localizations.swift in Sources */,
				5B19F6DC24F3223500CE483D /* String+Validation.swift in Sources */,
				5B519D4824FADCE900E95386 /* EnvironmentValues+ImageCache.swift in Sources */,
				5B1D732E24CCE90600429AD1 /* ProductCard.swift in Sources */,
				5B1D731A24CCA28300429AD1 /* Product.swift in Sources */,
				5B19F6E924F32E8100CE483D /* Toast.swift in Sources */,
				5B1D72EB24CCA22200429AD1 /* SceneDelegate.swift in Sources */,
				5B519D4624FADC4000E95386 /* ImageCache.swift in Sources */,
				5B1D733D24CCFDA900429AD1 /* SinginView.swift in Sources */,
				5B1D732324CCA43000429AD1 /* ProductService.swift in Sources */,
				5B19F6EB24F32EF400CE483D /* FirebaseDataService.swift in Sources */,
				5B1D734924CCFF7800429AD1 /* FirebaseSession.swift in Sources */,
				5B1D733724CCED1300429AD1 /* ProductDetailView.swift in Sources */,
				5B1D732624CCD42900429AD1 /* MockProductService.swift in Sources */,
			);
			runOnlyForDeploymentPostprocessing = 0;
		};
		5B1D72F724CCA22500429AD1 /* Sources */ = {
			isa = PBXSourcesBuildPhase;
			buildActionMask = 2147483647;
			files = (
				5B1D730024CCA22500429AD1 /* ShoppingCartTests.swift in Sources */,
				5B1D735724CFD50300429AD1 /* MockProductService.swift in Sources */,
			);
			runOnlyForDeploymentPostprocessing = 0;
		};
		5B1D730224CCA22500429AD1 /* Sources */ = {
			isa = PBXSourcesBuildPhase;
			buildActionMask = 2147483647;
			files = (
				5B1D730B24CCA22500429AD1 /* ShoppingCartUITests.swift in Sources */,
			);
			runOnlyForDeploymentPostprocessing = 0;
		};
/* End PBXSourcesBuildPhase section */

/* Begin PBXTargetDependency section */
		5B1D72FD24CCA22500429AD1 /* PBXTargetDependency */ = {
			isa = PBXTargetDependency;
			target = 5B1D72E424CCA22200429AD1 /* ShoppingCart */;
			targetProxy = 5B1D72FC24CCA22500429AD1 /* PBXContainerItemProxy */;
		};
		5B1D730824CCA22500429AD1 /* PBXTargetDependency */ = {
			isa = PBXTargetDependency;
			target = 5B1D72E424CCA22200429AD1 /* ShoppingCart */;
			targetProxy = 5B1D730724CCA22500429AD1 /* PBXContainerItemProxy */;
		};
/* End PBXTargetDependency section */

/* Begin PBXVariantGroup section */
		5B19F6D524F3213100CE483D /* Localizable.strings */ = {
			isa = PBXVariantGroup;
			children = (
				5B19F6D424F3213100CE483D /* en */,
				5B19F6D624F3215500CE483D /* ml */,
			);
			name = Localizable.strings;
			sourceTree = "<group>";
		};
		5B1D72F324CCA22500429AD1 /* LaunchScreen.storyboard */ = {
			isa = PBXVariantGroup;
			children = (
				5B1D72F424CCA22500429AD1 /* Base */,
			);
			name = LaunchScreen.storyboard;
			sourceTree = "<group>";
		};
/* End PBXVariantGroup section */

/* Begin XCBuildConfiguration section */
		5B1D730D24CCA22500429AD1 /* Debug */ = {
			isa = XCBuildConfiguration;
			buildSettings = {
				ALWAYS_SEARCH_USER_PATHS = NO;
				CLANG_ANALYZER_LOCALIZABILITY_NONLOCALIZED = YES;
				CLANG_ANALYZER_NONNULL = YES;
				CLANG_ANALYZER_NUMBER_OBJECT_CONVERSION = YES_AGGRESSIVE;
				CLANG_CXX_LANGUAGE_STANDARD = "gnu++14";
				CLANG_CXX_LIBRARY = "libc++";
				CLANG_ENABLE_MODULES = YES;
				CLANG_ENABLE_OBJC_ARC = YES;
				CLANG_ENABLE_OBJC_WEAK = YES;
				CLANG_WARN_BLOCK_CAPTURE_AUTORELEASING = YES;
				CLANG_WARN_BOOL_CONVERSION = YES;
				CLANG_WARN_COMMA = YES;
				CLANG_WARN_CONSTANT_CONVERSION = YES;
				CLANG_WARN_DEPRECATED_OBJC_IMPLEMENTATIONS = YES;
				CLANG_WARN_DIRECT_OBJC_ISA_USAGE = YES_ERROR;
				CLANG_WARN_DOCUMENTATION_COMMENTS = YES;
				CLANG_WARN_EMPTY_BODY = YES;
				CLANG_WARN_ENUM_CONVERSION = YES;
				CLANG_WARN_INFINITE_RECURSION = YES;
				CLANG_WARN_INT_CONVERSION = YES;
				CLANG_WARN_NON_LITERAL_NULL_CONVERSION = YES;
				CLANG_WARN_OBJC_IMPLICIT_RETAIN_SELF = YES;
				CLANG_WARN_OBJC_LITERAL_CONVERSION = YES;
				CLANG_WARN_OBJC_ROOT_CLASS = YES_ERROR;
				CLANG_WARN_RANGE_LOOP_ANALYSIS = YES;
				CLANG_WARN_STRICT_PROTOTYPES = YES;
				CLANG_WARN_SUSPICIOUS_MOVE = YES;
				CLANG_WARN_UNGUARDED_AVAILABILITY = YES_AGGRESSIVE;
				CLANG_WARN_UNREACHABLE_CODE = YES;
				CLANG_WARN__DUPLICATE_METHOD_MATCH = YES;
				COPY_PHASE_STRIP = NO;
				DEBUG_INFORMATION_FORMAT = "dwarf-with-dsym";
				ENABLE_STRICT_OBJC_MSGSEND = YES;
				ENABLE_TESTABILITY = YES;
				GCC_C_LANGUAGE_STANDARD = gnu11;
				GCC_DYNAMIC_NO_PIC = NO;
				GCC_NO_COMMON_BLOCKS = YES;
				GCC_OPTIMIZATION_LEVEL = 0;
				GCC_PREPROCESSOR_DEFINITIONS = (
					"DEBUG=1",
					"$(inherited)",
				);
				GCC_WARN_64_TO_32_BIT_CONVERSION = YES;
				GCC_WARN_ABOUT_RETURN_TYPE = YES_ERROR;
				GCC_WARN_UNDECLARED_SELECTOR = YES;
				GCC_WARN_UNINITIALIZED_AUTOS = YES_AGGRESSIVE;
				GCC_WARN_UNUSED_FUNCTION = YES;
				GCC_WARN_UNUSED_VARIABLE = YES;
				IPHONEOS_DEPLOYMENT_TARGET = 13.0;
				MTL_ENABLE_DEBUG_INFO = INCLUDE_SOURCE;
				MTL_FAST_MATH = YES;
				ONLY_ACTIVE_ARCH = YES;
				SDKROOT = iphoneos;
				SWIFT_ACTIVE_COMPILATION_CONDITIONS = DEBUG;
				SWIFT_OPTIMIZATION_LEVEL = "-Onone";
			};
			name = Debug;
		};
		5B1D730E24CCA22500429AD1 /* Release */ = {
			isa = XCBuildConfiguration;
			buildSettings = {
				ALWAYS_SEARCH_USER_PATHS = NO;
				CLANG_ANALYZER_LOCALIZABILITY_NONLOCALIZED = YES;
				CLANG_ANALYZER_NONNULL = YES;
				CLANG_ANALYZER_NUMBER_OBJECT_CONVERSION = YES_AGGRESSIVE;
				CLANG_CXX_LANGUAGE_STANDARD = "gnu++14";
				CLANG_CXX_LIBRARY = "libc++";
				CLANG_ENABLE_MODULES = YES;
				CLANG_ENABLE_OBJC_ARC = YES;
				CLANG_ENABLE_OBJC_WEAK = YES;
				CLANG_WARN_BLOCK_CAPTURE_AUTORELEASING = YES;
				CLANG_WARN_BOOL_CONVERSION = YES;
				CLANG_WARN_COMMA = YES;
				CLANG_WARN_CONSTANT_CONVERSION = YES;
				CLANG_WARN_DEPRECATED_OBJC_IMPLEMENTATIONS = YES;
				CLANG_WARN_DIRECT_OBJC_ISA_USAGE = YES_ERROR;
				CLANG_WARN_DOCUMENTATION_COMMENTS = YES;
				CLANG_WARN_EMPTY_BODY = YES;
				CLANG_WARN_ENUM_CONVERSION = YES;
				CLANG_WARN_INFINITE_RECURSION = YES;
				CLANG_WARN_INT_CONVERSION = YES;
				CLANG_WARN_NON_LITERAL_NULL_CONVERSION = YES;
				CLANG_WARN_OBJC_IMPLICIT_RETAIN_SELF = YES;
				CLANG_WARN_OBJC_LITERAL_CONVERSION = YES;
				CLANG_WARN_OBJC_ROOT_CLASS = YES_ERROR;
				CLANG_WARN_RANGE_LOOP_ANALYSIS = YES;
				CLANG_WARN_STRICT_PROTOTYPES = YES;
				CLANG_WARN_SUSPICIOUS_MOVE = YES;
				CLANG_WARN_UNGUARDED_AVAILABILITY = YES_AGGRESSIVE;
				CLANG_WARN_UNREACHABLE_CODE = YES;
				CLANG_WARN__DUPLICATE_METHOD_MATCH = YES;
				COPY_PHASE_STRIP = NO;
				DEBUG_INFORMATION_FORMAT = "dwarf-with-dsym";
				ENABLE_NS_ASSERTIONS = NO;
				ENABLE_STRICT_OBJC_MSGSEND = YES;
				GCC_C_LANGUAGE_STANDARD = gnu11;
				GCC_NO_COMMON_BLOCKS = YES;
				GCC_WARN_64_TO_32_BIT_CONVERSION = YES;
				GCC_WARN_ABOUT_RETURN_TYPE = YES_ERROR;
				GCC_WARN_UNDECLARED_SELECTOR = YES;
				GCC_WARN_UNINITIALIZED_AUTOS = YES_AGGRESSIVE;
				GCC_WARN_UNUSED_FUNCTION = YES;
				GCC_WARN_UNUSED_VARIABLE = YES;
				IPHONEOS_DEPLOYMENT_TARGET = 13.0;
				MTL_ENABLE_DEBUG_INFO = NO;
				MTL_FAST_MATH = YES;
				SDKROOT = iphoneos;
				SWIFT_COMPILATION_MODE = wholemodule;
				SWIFT_OPTIMIZATION_LEVEL = "-O";
				VALIDATE_PRODUCT = YES;
			};
			name = Release;
		};
		5B1D731024CCA22500429AD1 /* Debug */ = {
			isa = XCBuildConfiguration;
			baseConfigurationReference = A86E87918E431A04420B7F80 /* Pods-ShoppingCart.debug.xcconfig */;
			buildSettings = {
				ASSETCATALOG_COMPILER_APPICON_NAME = AppIcon;
				CODE_SIGN_STYLE = Automatic;
				DEVELOPMENT_ASSET_PATHS = "\"ShoppingCart/Preview Content\"";
				DEVELOPMENT_TEAM = J6QU4CTJD7;
				ENABLE_PREVIEWS = YES;
				INFOPLIST_FILE = ShoppingCart/Info.plist;
				LD_RUNPATH_SEARCH_PATHS = (
					"$(inherited)",
					"@executable_path/Frameworks",
				);
				PRODUCT_BUNDLE_IDENTIFIER = com.pixycoders.ShoppingCart;
				PRODUCT_NAME = "$(TARGET_NAME)";
				SWIFT_VERSION = 5.0;
				TARGETED_DEVICE_FAMILY = "1,2";
			};
			name = Debug;
		};
		5B1D731124CCA22500429AD1 /* Release */ = {
			isa = XCBuildConfiguration;
			baseConfigurationReference = 24199CB29754E77276B5D467 /* Pods-ShoppingCart.release.xcconfig */;
			buildSettings = {
				ASSETCATALOG_COMPILER_APPICON_NAME = AppIcon;
				CODE_SIGN_STYLE = Automatic;
				DEVELOPMENT_ASSET_PATHS = "\"ShoppingCart/Preview Content\"";
				DEVELOPMENT_TEAM = J6QU4CTJD7;
				ENABLE_PREVIEWS = YES;
				INFOPLIST_FILE = ShoppingCart/Info.plist;
				LD_RUNPATH_SEARCH_PATHS = (
					"$(inherited)",
					"@executable_path/Frameworks",
				);
				PRODUCT_BUNDLE_IDENTIFIER = com.pixycoders.ShoppingCart;
				PRODUCT_NAME = "$(TARGET_NAME)";
				SWIFT_VERSION = 5.0;
				TARGETED_DEVICE_FAMILY = "1,2";
			};
			name = Release;
		};
		5B1D731324CCA22500429AD1 /* Debug */ = {
			isa = XCBuildConfiguration;
			baseConfigurationReference = 58E9031F395909244AF351D0 /* Pods-ShoppingCartTests.debug.xcconfig */;
			buildSettings = {
				ALWAYS_EMBED_SWIFT_STANDARD_LIBRARIES = YES;
				BUNDLE_LOADER = "$(TEST_HOST)";
				CODE_SIGN_STYLE = Automatic;
				DEVELOPMENT_TEAM = J6QU4CTJD7;
				INFOPLIST_FILE = ShoppingCartTests/Info.plist;
				IPHONEOS_DEPLOYMENT_TARGET = 13.6;
				LD_RUNPATH_SEARCH_PATHS = (
					"$(inherited)",
					"@executable_path/Frameworks",
					"@loader_path/Frameworks",
				);
				PRODUCT_BUNDLE_IDENTIFIER = com.pixycoders.ShoppingCartTests;
				PRODUCT_NAME = "$(TARGET_NAME)";
				SWIFT_VERSION = 5.0;
				TARGETED_DEVICE_FAMILY = "1,2";
				TEST_HOST = "$(BUILT_PRODUCTS_DIR)/ShoppingCart.app/ShoppingCart";
			};
			name = Debug;
		};
		5B1D731424CCA22500429AD1 /* Release */ = {
			isa = XCBuildConfiguration;
			baseConfigurationReference = 6F22DD4F745F2CA2CC4CAB71 /* Pods-ShoppingCartTests.release.xcconfig */;
			buildSettings = {
				ALWAYS_EMBED_SWIFT_STANDARD_LIBRARIES = YES;
				BUNDLE_LOADER = "$(TEST_HOST)";
				CODE_SIGN_STYLE = Automatic;
				DEVELOPMENT_TEAM = J6QU4CTJD7;
				INFOPLIST_FILE = ShoppingCartTests/Info.plist;
				IPHONEOS_DEPLOYMENT_TARGET = 13.6;
				LD_RUNPATH_SEARCH_PATHS = (
					"$(inherited)",
					"@executable_path/Frameworks",
					"@loader_path/Frameworks",
				);
				PRODUCT_BUNDLE_IDENTIFIER = com.pixycoders.ShoppingCartTests;
				PRODUCT_NAME = "$(TARGET_NAME)";
				SWIFT_VERSION = 5.0;
				TARGETED_DEVICE_FAMILY = "1,2";
				TEST_HOST = "$(BUILT_PRODUCTS_DIR)/ShoppingCart.app/ShoppingCart";
			};
			name = Release;
		};
		5B1D731624CCA22500429AD1 /* Debug */ = {
			isa = XCBuildConfiguration;
			baseConfigurationReference = 53F36C1B2A15625282A55BCD /* Pods-ShoppingCart-ShoppingCartUITests.debug.xcconfig */;
			buildSettings = {
				ALWAYS_EMBED_SWIFT_STANDARD_LIBRARIES = YES;
				CODE_SIGN_STYLE = Automatic;
				DEVELOPMENT_TEAM = J6QU4CTJD7;
				INFOPLIST_FILE = ShoppingCartUITests/Info.plist;
				LD_RUNPATH_SEARCH_PATHS = (
					"$(inherited)",
					"@executable_path/Frameworks",
					"@loader_path/Frameworks",
				);
				PRODUCT_BUNDLE_IDENTIFIER = com.pixycoders.ShoppingCartUITests;
				PRODUCT_NAME = "$(TARGET_NAME)";
				SWIFT_VERSION = 5.0;
				TARGETED_DEVICE_FAMILY = "1,2";
				TEST_TARGET_NAME = ShoppingCart;
			};
			name = Debug;
		};
		5B1D731724CCA22500429AD1 /* Release */ = {
			isa = XCBuildConfiguration;
			baseConfigurationReference = A50AA57B72BBF34470DEBC4F /* Pods-ShoppingCart-ShoppingCartUITests.release.xcconfig */;
			buildSettings = {
				ALWAYS_EMBED_SWIFT_STANDARD_LIBRARIES = YES;
				CODE_SIGN_STYLE = Automatic;
				DEVELOPMENT_TEAM = J6QU4CTJD7;
				INFOPLIST_FILE = ShoppingCartUITests/Info.plist;
				LD_RUNPATH_SEARCH_PATHS = (
					"$(inherited)",
					"@executable_path/Frameworks",
					"@loader_path/Frameworks",
				);
				PRODUCT_BUNDLE_IDENTIFIER = com.pixycoders.ShoppingCartUITests;
				PRODUCT_NAME = "$(TARGET_NAME)";
				SWIFT_VERSION = 5.0;
				TARGETED_DEVICE_FAMILY = "1,2";
				TEST_TARGET_NAME = ShoppingCart;
			};
			name = Release;
		};
/* End XCBuildConfiguration section */

/* Begin XCConfigurationList section */
		5B1D72E024CCA22200429AD1 /* Build configuration list for PBXProject "ShoppingCart" */ = {
			isa = XCConfigurationList;
			buildConfigurations = (
				5B1D730D24CCA22500429AD1 /* Debug */,
				5B1D730E24CCA22500429AD1 /* Release */,
			);
			defaultConfigurationIsVisible = 0;
			defaultConfigurationName = Release;
		};
		5B1D730F24CCA22500429AD1 /* Build configuration list for PBXNativeTarget "ShoppingCart" */ = {
			isa = XCConfigurationList;
			buildConfigurations = (
				5B1D731024CCA22500429AD1 /* Debug */,
				5B1D731124CCA22500429AD1 /* Release */,
			);
			defaultConfigurationIsVisible = 0;
			defaultConfigurationName = Release;
		};
		5B1D731224CCA22500429AD1 /* Build configuration list for PBXNativeTarget "ShoppingCartTests" */ = {
			isa = XCConfigurationList;
			buildConfigurations = (
				5B1D731324CCA22500429AD1 /* Debug */,
				5B1D731424CCA22500429AD1 /* Release */,
			);
			defaultConfigurationIsVisible = 0;
			defaultConfigurationName = Release;
		};
		5B1D731524CCA22500429AD1 /* Build configuration list for PBXNativeTarget "ShoppingCartUITests" */ = {
			isa = XCConfigurationList;
			buildConfigurations = (
				5B1D731624CCA22500429AD1 /* Debug */,
				5B1D731724CCA22500429AD1 /* Release */,
			);
			defaultConfigurationIsVisible = 0;
			defaultConfigurationName = Release;
		};
/* End XCConfigurationList section */
	};
	rootObject = 5B1D72DD24CCA22200429AD1 /* Project object */;
}
